// !$*UTF8*$!
{
	archiveVersion = 1;
	classes = {
	};
	objectVersion = 46;
	objects = {

/* Begin PBXBuildFile section */
		BBF474FE1BC2F78500C8E58A /* SKAButton.h in Headers */ = {isa = PBXBuildFile; fileRef = BBF474FD1BC2F78500C8E58A /* SKAButton.h */; settings = {ATTRIBUTES = (Public, ); }; };
		BBF475081BC2F7BF00C8E58A /* SKAButton.swift in Sources */ = {isa = PBXBuildFile; fileRef = BBF475071BC2F7BF00C8E58A /* SKAButton.swift */; settings = {ASSET_TAGS = (); }; };
		BBF4750A1BC2F8E300C8E58A /* SKAControl.swift in Sources */ = {isa = PBXBuildFile; fileRef = BBF475091BC2F8E300C8E58A /* SKAControl.swift */; settings = {ASSET_TAGS = (); }; };
/* End PBXBuildFile section */

/* Begin PBXFileReference section */
		BBF474FA1BC2F78500C8E58A /* SKAButton.framework */ = {isa = PBXFileReference; explicitFileType = wrapper.framework; includeInIndex = 0; path = SKAButton.framework; sourceTree = BUILT_PRODUCTS_DIR; };
		BBF474FD1BC2F78500C8E58A /* SKAButton.h */ = {isa = PBXFileReference; lastKnownFileType = sourcecode.c.h; path = SKAButton.h; sourceTree = "<group>"; };
		BBF474FF1BC2F78500C8E58A /* Info.plist */ = {isa = PBXFileReference; lastKnownFileType = text.plist.xml; path = Info.plist; sourceTree = "<group>"; };
		BBF475071BC2F7BF00C8E58A /* SKAButton.swift */ = {isa = PBXFileReference; fileEncoding = 4; lastKnownFileType = sourcecode.swift; path = SKAButton.swift; sourceTree = "<group>"; };
		BBF475091BC2F8E300C8E58A /* SKAControl.swift */ = {isa = PBXFileReference; fileEncoding = 4; lastKnownFileType = sourcecode.swift; path = SKAControl.swift; sourceTree = "<group>"; };
/* End PBXFileReference section */

/* Begin PBXFrameworksBuildPhase section */
		BBF474F61BC2F78500C8E58A /* Frameworks */ = {
			isa = PBXFrameworksBuildPhase;
			buildActionMask = 2147483647;
			files = (
			);
			runOnlyForDeploymentPostprocessing = 0;
		};
/* End PBXFrameworksBuildPhase section */

/* Begin PBXGroup section */
		BBF474F01BC2F78500C8E58A = {
			isa = PBXGroup;
			children = (
				BBF474FC1BC2F78500C8E58A /* SKAButton */,
				BBF474FB1BC2F78500C8E58A /* Products */,
			);
			sourceTree = "<group>";
		};
		BBF474FB1BC2F78500C8E58A /* Products */ = {
			isa = PBXGroup;
			children = (
				BBF474FA1BC2F78500C8E58A /* SKAButton.framework */,
			);
			name = Products;
			sourceTree = "<group>";
		};
		BBF474FC1BC2F78500C8E58A /* SKAButton */ = {
			isa = PBXGroup;
			children = (
				BBF475061BC2F7BF00C8E58A /* Source */,
				BBF475051BC2F78E00C8E58A /* Supporting Files */,
			);
			path = SKAButton;
			sourceTree = "<group>";
		};
		BBF475051BC2F78E00C8E58A /* Supporting Files */ = {
			isa = PBXGroup;
			children = (
				BBF474FD1BC2F78500C8E58A /* SKAButton.h */,
				BBF474FF1BC2F78500C8E58A /* Info.plist */,
			);
			name = "Supporting Files";
			sourceTree = "<group>";
		};
		BBF475061BC2F7BF00C8E58A /* Source */ = {
			isa = PBXGroup;
			children = (
				BBF475071BC2F7BF00C8E58A /* SKAButton.swift */,
				BBF475091BC2F8E300C8E58A /* SKAControl.swift */,
			);
			name = Source;
			path = ../../Source;
			sourceTree = "<group>";
		};
/* End PBXGroup section */

/* Begin PBXHeadersBuildPhase section */
		BBF474F71BC2F78500C8E58A /* Headers */ = {
			isa = PBXHeadersBuildPhase;
			buildActionMask = 2147483647;
			files = (
				BBF474FE1BC2F78500C8E58A /* SKAButton.h in Headers */,
			);
			runOnlyForDeploymentPostprocessing = 0;
		};
/* End PBXHeadersBuildPhase section */

/* Begin PBXNativeTarget section */
		BBF474F91BC2F78500C8E58A /* SKAButton */ = {
			isa = PBXNativeTarget;
			buildConfigurationList = BBF475021BC2F78500C8E58A /* Build configuration list for PBXNativeTarget "SKAButton" */;
			buildPhases = (
				BBF474F51BC2F78500C8E58A /* Sources */,
				BBF474F61BC2F78500C8E58A /* Frameworks */,
				BBF474F71BC2F78500C8E58A /* Headers */,
				BBF474F81BC2F78500C8E58A /* Resources */,
			);
			buildRules = (
			);
			dependencies = (
			);
			name = SKAButton;
			productName = SKAButton;
			productReference = BBF474FA1BC2F78500C8E58A /* SKAButton.framework */;
			productType = "com.apple.product-type.framework";
		};
/* End PBXNativeTarget section */

/* Begin PBXProject section */
		BBF474F11BC2F78500C8E58A /* Project object */ = {
			isa = PBXProject;
			attributes = {
				LastUpgradeCheck = 0700;
				ORGANIZATIONNAME = "Sprite Kit Alliance";
				TargetAttributes = {
					BBF474F91BC2F78500C8E58A = {
						CreatedOnToolsVersion = 7.0;
					};
				};
			};
			buildConfigurationList = BBF474F41BC2F78500C8E58A /* Build configuration list for PBXProject "SKAButton" */;
			compatibilityVersion = "Xcode 3.2";
			developmentRegion = English;
			hasScannedForEncodings = 0;
			knownRegions = (
				en,
			);
			mainGroup = BBF474F01BC2F78500C8E58A;
			productRefGroup = BBF474FB1BC2F78500C8E58A /* Products */;
			projectDirPath = "";
			projectRoot = "";
			targets = (
				BBF474F91BC2F78500C8E58A /* SKAButton */,
			);
		};
/* End PBXProject section */

/* Begin PBXResourcesBuildPhase section */
		BBF474F81BC2F78500C8E58A /* Resources */ = {
			isa = PBXResourcesBuildPhase;
			buildActionMask = 2147483647;
			files = (
			);
			runOnlyForDeploymentPostprocessing = 0;
		};
/* End PBXResourcesBuildPhase section */

/* Begin PBXSourcesBuildPhase section */
		BBF474F51BC2F78500C8E58A /* Sources */ = {
			isa = PBXSourcesBuildPhase;
			buildActionMask = 2147483647;
			files = (
				BBF475081BC2F7BF00C8E58A /* SKAButton.swift in Sources */,
				BBF4750A1BC2F8E300C8E58A /* SKAControl.swift in Sources */,
			);
			runOnlyForDeploymentPostprocessing = 0;
		};
/* End PBXSourcesBuildPhase section */

/* Begin XCBuildConfiguration section */
		BBF475001BC2F78500C8E58A /* Debug */ = {
			isa = XCBuildConfiguration;
			buildSettings = {
				ALWAYS_SEARCH_USER_PATHS = NO;
				CLANG_CXX_LANGUAGE_STANDARD = "gnu++0x";
				CLANG_CXX_LIBRARY = "libc++";
				CLANG_ENABLE_MODULES = YES;
				CLANG_ENABLE_OBJC_ARC = YES;
				CLANG_WARN_BOOL_CONVERSION = YES;
				CLANG_WARN_CONSTANT_CONVERSION = YES;
				CLANG_WARN_DIRECT_OBJC_ISA_USAGE = YES_ERROR;
				CLANG_WARN_EMPTY_BODY = YES;
				CLANG_WARN_ENUM_CONVERSION = YES;
				CLANG_WARN_INT_CONVERSION = YES;
				CLANG_WARN_OBJC_ROOT_CLASS = YES_ERROR;
				CLANG_WARN_UNREACHABLE_CODE = YES;
				CLANG_WARN__DUPLICATE_METHOD_MATCH = YES;
				"CODE_SIGN_IDENTITY[sdk=iphoneos*]" = "iPhone Developer";
				COPY_PHASE_STRIP = NO;
				CURRENT_PROJECT_VERSION = 1;
				DEBUG_INFORMATION_FORMAT = dwarf;
				ENABLE_STRICT_OBJC_MSGSEND = YES;
				ENABLE_TESTABILITY = YES;
				GCC_C_LANGUAGE_STANDARD = gnu99;
				GCC_DYNAMIC_NO_PIC = NO;
				GCC_NO_COMMON_BLOCKS = YES;
				GCC_OPTIMIZATION_LEVEL = 0;
				GCC_PREPROCESSOR_DEFINITIONS = (
					"DEBUG=1",
					"$(inherited)",
				);
				GCC_WARN_64_TO_32_BIT_CONVERSION = YES;
				GCC_WARN_ABOUT_RETURN_TYPE = YES_ERROR;
				GCC_WARN_UNDECLARED_SELECTOR = YES;
				GCC_WARN_UNINITIALIZED_AUTOS = YES_AGGRESSIVE;
				GCC_WARN_UNUSED_FUNCTION = YES;
				GCC_WARN_UNUSED_VARIABLE = YES;
				IPHONEOS_DEPLOYMENT_TARGET = 9.0;
				MTL_ENABLE_DEBUG_INFO = YES;
				ONLY_ACTIVE_ARCH = YES;
				SDKROOT = iphoneos;
				SWIFT_OPTIMIZATION_LEVEL = "-Onone";
				TARGETED_DEVICE_FAMILY = "1,2";
				VERSIONING_SYSTEM = "apple-generic";
				VERSION_INFO_PREFIX = "";
			};
			name = Debug;
		};
		BBF475011BC2F78500C8E58A /* Release */ = {
			isa = XCBuildConfiguration;
			buildSettings = {
				ALWAYS_SEARCH_USER_PATHS = NO;
				CLANG_CXX_LANGUAGE_STANDARD = "gnu++0x";
				CLANG_CXX_LIBRARY = "libc++";
				CLANG_ENABLE_MODULES = YES;
				CLANG_ENABLE_OBJC_ARC = YES;
				CLANG_WARN_BOOL_CONVERSION = YES;
				CLANG_WARN_CONSTANT_CONVERSION = YES;
				CLANG_WARN_DIRECT_OBJC_ISA_USAGE = YES_ERROR;
				CLANG_WARN_EMPTY_BODY = YES;
				CLANG_WARN_ENUM_CONVERSION = YES;
				CLANG_WARN_INT_CONVERSION = YES;
				CLANG_WARN_OBJC_ROOT_CLASS = YES_ERROR;
				CLANG_WARN_UNREACHABLE_CODE = YES;
				CLANG_WARN__DUPLICATE_METHOD_MATCH = YES;
				"CODE_SIGN_IDENTITY[sdk=iphoneos*]" = "iPhone Developer";
				COPY_PHASE_STRIP = NO;
				CURRENT_PROJECT_VERSION = 1;
				DEBUG_INFORMATION_FORMAT = "dwarf-with-dsym";
				ENABLE_NS_ASSERTIONS = NO;
				ENABLE_STRICT_OBJC_MSGSEND = YES;
				GCC_C_LANGUAGE_STANDARD = gnu99;
				GCC_NO_COMMON_BLOCKS = YES;
				GCC_WARN_64_TO_32_BIT_CONVERSION = YES;
				GCC_WARN_ABOUT_RETURN_TYPE = YES_ERROR;
				GCC_WARN_UNDECLARED_SELECTOR = YES;
				GCC_WARN_UNINITIALIZED_AUTOS = YES_AGGRESSIVE;
				GCC_WARN_UNUSED_FUNCTION = YES;
				GCC_WARN_UNUSED_VARIABLE = YES;
				IPHONEOS_DEPLOYMENT_TARGET = 9.0;
				MTL_ENABLE_DEBUG_INFO = NO;
				SDKROOT = iphoneos;
				TARGETED_DEVICE_FAMILY = "1,2";
				VALIDATE_PRODUCT = YES;
				VERSIONING_SYSTEM = "apple-generic";
				VERSION_INFO_PREFIX = "";
			};
			name = Release;
		};
		BBF475031BC2F78500C8E58A /* Debug */ = {
			isa = XCBuildConfiguration;
			buildSettings = {
				DEFINES_MODULE = YES;
				DYLIB_COMPATIBILITY_VERSION = 1;
				DYLIB_CURRENT_VERSION = 1;
				DYLIB_INSTALL_NAME_BASE = "@rpath";
				INFOPLIST_FILE = SKAButton/Info.plist;
				INSTALL_PATH = "$(LOCAL_LIBRARY_DIR)/Frameworks";
				LD_RUNPATH_SEARCH_PATHS = "$(inherited) @executable_path/Frameworks @loader_path/Frameworks";
				PRODUCT_BUNDLE_IDENTIFIER = SKA.SKAButton;
				PRODUCT_NAME = "$(TARGET_NAME)";
				SKIP_INSTALL = YES;
			};
			name = Debug;
		};
		BBF475041BC2F78500C8E58A /* Release */ = {
			isa = XCBuildConfiguration;
			buildSettings = {
				DEFINES_MODULE = YES;
				DYLIB_COMPATIBILITY_VERSION = 1;
				DYLIB_CURRENT_VERSION = 1;
				DYLIB_INSTALL_NAME_BASE = "@rpath";
				INFOPLIST_FILE = SKAButton/Info.plist;
				INSTALL_PATH = "$(LOCAL_LIBRARY_DIR)/Frameworks";
				LD_RUNPATH_SEARCH_PATHS = "$(inherited) @executable_path/Frameworks @loader_path/Frameworks";
				PRODUCT_BUNDLE_IDENTIFIER = SKA.SKAButton;
				PRODUCT_NAME = "$(TARGET_NAME)";
				SKIP_INSTALL = YES;
			};
			name = Release;
		};
/* End XCBuildConfiguration section */

/* Begin XCConfigurationList section */
		BBF474F41BC2F78500C8E58A /* Build configuration list for PBXProject "SKAButton" */ = {
			isa = XCConfigurationList;
			buildConfigurations = (
				BBF475001BC2F78500C8E58A /* Debug */,
				BBF475011BC2F78500C8E58A /* Release */,
			);
			defaultConfigurationIsVisible = 0;
			defaultConfigurationName = Release;
		};
		BBF475021BC2F78500C8E58A /* Build configuration list for PBXNativeTarget "SKAButton" */ = {
			isa = XCConfigurationList;
			buildConfigurations = (
				BBF475031BC2F78500C8E58A /* Debug */,
				BBF475041BC2F78500C8E58A /* Release */,
			);
			defaultConfigurationIsVisible = 0;
		};
/* End XCConfigurationList section */
	};
	rootObject = BBF474F11BC2F78500C8E58A /* Project object */;
}
